
Microsoft Visual Studio Solution File, Format Version 12.00
# Visual Studio Version 16
VisualStudioVersion = 16.0.810.7
MinimumVisualStudioVersion = 10.0.40219.1
Project("{FAE04EC0-301F-11D3-BF4B-00C04F79EFBC}") = "ChooseYourOwnAdventure", "ChooseYourOwnAdventure\ChooseYourOwnAdventure.csproj", "{6A6E3332-93B7-4532-8737-41137111F7FF}"
EndProject
Global
	GlobalSection(SolutionConfigurationPlatforms) = preSolution
		Debug|anycpu = Debug|anycpu
		Release|anycpu = Release|anycpu
	EndGlobalSection
	GlobalSection(ProjectConfigurationPlatforms) = postSolution
		{6A6E3332-93B7-4532-8737-41137111F7FF}.Debug|anycpu.ActiveCfg = Debug|anycpu
		{6A6E3332-93B7-4532-8737-41137111F7FF}.Debug|anycpu.Build.0 = Debug|anycpu
		{6A6E3332-93B7-4532-8737-41137111F7FF}.Release|anycpu.ActiveCfg = Release|anycpu
		{6A6E3332-93B7-4532-8737-41137111F7FF}.Release|anycpu.Build.0 = Release|anycpu
	EndGlobalSection
	GlobalSection(SolutionProperties) = preSolution
		HideSolutionNode = FALSE
	EndGlobalSection
	GlobalSection(ExtensibilityGlobals) = postSolution
		SolutionGuid = {1DE2EC08-B524-41FC-8E25-EC7FB796DF6C}
	EndGlobalSection
EndGlobal
